{
  "requires": true,
  "lockfileVersion": 1,
  "dependencies": {
    "devtools-detect": {
      "version": "3.0.0",
      "resolved": "https://registry.npmjs.org/devtools-detect/-/devtools-detect-3.0.0.tgz",
      "integrity": "sha512-bI0ccVWpQFUwHp9V/HNcVkqCavJdb3KBYtpGkJrw4TWJ33vuIoasVHSq3eZRb0RRzBfywrqDHN1xBwmnoAFenQ=="
    }
  }
}
